{
  "object": {
    "pins": [
      {
        "package": "RecursiveSyncDispatch",
        "repositoryURL": "https://github.com/happn-tech/RecursiveSyncDispatch.git",
        "state": {
          "branch": null,
          "revision": "04936f64e00d898006fc97b5ec938d8ce1fa14ea",
          "version": "1.0.1"
        }
      },
      {
        "package": "RetryingOperation",
        "repositoryURL": "https://github.com/happn-tech/RetryingOperation.git",
        "state": {
          "branch": null,
          "revision": "4d69ec3aa4cb5d33e973fcfe01378a1d49e351f2",
          "version": "1.1.7"
        }
      },
      {
        "package": "SemiSingleton",
        "repositoryURL": "https://github.com/happn-tech/SemiSingleton.git",
        "state": {
          "branch": null,
          "revision": "1c17d1ab5d6026b18b22b1aa3c0eca111b8a87db",
          "version": "2.0.4"
        }
      },
      {
        "package": "stream-reader",
        "repositoryURL": "https://github.com/Frizlab/stream-reader.git",
        "state": {
          "branch": null,
          "revision": "09104092cb7e87dc6d1086d40c06d7606fc6cb94",
          "version": "3.2.3"
        }
      },
      {
        "package": "swift-collections",
        "repositoryURL": "https://github.com/apple/swift-collections",
        "state": {
          "branch": null,
          "revision": "48254824bb4248676bf7ce56014ff57b142b77eb",
          "version": "1.0.2"
        }
      },
      {
        "package": "swift-log",
        "repositoryURL": "https://github.com/apple/swift-log.git",
        "state": {
          "branch": null,
          "revision": "5d66f7ba25daf4f94100e7022febf3c75e37a6c7",
          "version": "1.4.2"
        }
      },
      {
        "package": "swift-system",
        "repositoryURL": "https://github.com/apple/swift-system.git",
        "state": {
          "branch": null,
          "revision": "ce8b4910730114fa1eb46967a031a04f7594f42d",
          "version": "1.0.0"
        }
      }
    ]
  },
  "version": 1
}
