{
  "object": {
    "pins": [
      {
        "package": "RecursiveSyncDispatch",
        "repositoryURL": "https://github.com/happn-tech/RecursiveSyncDispatch.git",
        "state": {
          "branch": null,
          "revision": "04936f64e00d898006fc97b5ec938d8ce1fa14ea",
          "version": "1.0.1"
        }
      },
      {
        "package": "RetryingOperation",
        "repositoryURL": "https://github.com/happn-tech/RetryingOperation.git",
        "state": {
          "branch": null,
          "revision": "eef4de25941f967bbe6707460c40c60ec808c2ce",
          "version": "1.1.6"
        }
      },
      {
        "package": "SemiSingleton",
        "repositoryURL": "https://github.com/happn-tech/SemiSingleton.git",
        "state": {
          "branch": null,
          "revision": "1c17d1ab5d6026b18b22b1aa3c0eca111b8a87db",
          "version": "2.0.4"
        }
      },
      {
        "package": "swift-log",
        "repositoryURL": "https://github.com/apple/swift-log.git",
        "state": {
          "branch": null,
          "revision": "5d66f7ba25daf4f94100e7022febf3c75e37a6c7",
          "version": "1.4.2"
        }
      }
    ]
  },
  "version": 1
}
