{
  "object": {
    "pins": [
      {
        "package": "AsyncOperationResult",
        "repositoryURL": "git@github.com:happn-app/AsyncOperationResult.git",
        "state": {
          "branch": null,
          "revision": "27a69817521f7a47a1f466cd094bbc2e4ad4e099",
          "version": "1.0.4"
        }
      },
      {
        "package": "DummyLinuxOSLog",
        "repositoryURL": "git@github.com:happn-app/DummyLinuxOSLog.git",
        "state": {
          "branch": null,
          "revision": "47333c87665e0f9e957246148965418c9a4ad823",
          "version": "1.0.0"
        }
      },
      {
        "package": "RetryingOperation",
        "repositoryURL": "git@github.com:happn-app/RetryingOperation.git",
        "state": {
          "branch": null,
          "revision": "9a1bbe89aee28e42fd51553435f35a50b91b0195",
          "version": "1.1.1"
        }
      },
      {
        "package": "SemiSingleton",
        "repositoryURL": "git@github.com:happn-app/SemiSingleton.git",
        "state": {
          "branch": null,
          "revision": "e0610bc631878a114bb567da2bd1dbacff63f243",
          "version": "2.0.0"
        }
      }
    ]
  },
  "version": 1
}
